// !$*UTF8*$!
{
	archiveVersion = 1;
	classes = {
	};
	objectVersion = 51;
	objects = {

/* Begin PBXBuildFile section */
		88B4F9F7F17367C8BEDC9EF4 /* Pods_SpaceXTests.framework in Frameworks */ = {isa = PBXBuildFile; fileRef = 3C57DC96DB4F69A93DC26BEB /* Pods_SpaceXTests.framework */; };
		B1929F105BD392597B2D6B81 /* Pods_SpaceX.framework in Frameworks */ = {isa = PBXBuildFile; fileRef = E0C01930D9A2EFF51C1C159F /* Pods_SpaceX.framework */; };
		F70D70552359B3F6008A7A93 /* AppDelegate.swift in Sources */ = {isa = PBXBuildFile; fileRef = F70D70542359B3F6008A7A93 /* AppDelegate.swift */; };
		F70D70572359B3F6008A7A93 /* SceneDelegate.swift in Sources */ = {isa = PBXBuildFile; fileRef = F70D70562359B3F6008A7A93 /* SceneDelegate.swift */; };
		F70D705E2359B3F7008A7A93 /* Assets.xcassets in Resources */ = {isa = PBXBuildFile; fileRef = F70D705D2359B3F7008A7A93 /* Assets.xcassets */; };
		F70D70612359B3F7008A7A93 /* LaunchScreen.storyboard in Resources */ = {isa = PBXBuildFile; fileRef = F70D705F2359B3F7008A7A93 /* LaunchScreen.storyboard */; };
		F70D706C2359B3F7008A7A93 /* LaunchDetailsDecoderTests.swift in Sources */ = {isa = PBXBuildFile; fileRef = F70D706B2359B3F7008A7A93 /* LaunchDetailsDecoderTests.swift */; };
		F70D70782359BFAA008A7A93 /* FlowCoordinator.swift in Sources */ = {isa = PBXBuildFile; fileRef = F70D70772359BFAA008A7A93 /* FlowCoordinator.swift */; };
		F70D707B2359CFB2008A7A93 /* LaunchDetails.swift in Sources */ = {isa = PBXBuildFile; fileRef = F70D707A2359CFB2008A7A93 /* LaunchDetails.swift */; };
		F70D707D2359CFC0008A7A93 /* RocketDetails.swift in Sources */ = {isa = PBXBuildFile; fileRef = F70D707C2359CFC0008A7A93 /* RocketDetails.swift */; };
		F70D70832359EB75008A7A93 /* LaunchDetails.json in Resources */ = {isa = PBXBuildFile; fileRef = F70D70822359EB75008A7A93 /* LaunchDetails.json */; };
		F70D7085235A9DEB008A7A93 /* RocketDetails.json in Resources */ = {isa = PBXBuildFile; fileRef = F70D7084235A9DEB008A7A93 /* RocketDetails.json */; };
		F70D7087235AA0D1008A7A93 /* RocketDetailsDecoderTests.swift in Sources */ = {isa = PBXBuildFile; fileRef = F70D7086235AA0D1008A7A93 /* RocketDetailsDecoderTests.swift */; };
		F70D708A235AAF15008A7A93 /* SpaceXService.swift in Sources */ = {isa = PBXBuildFile; fileRef = F70D7089235AAF15008A7A93 /* SpaceXService.swift */; };
		F70D708C235AEF5D008A7A93 /* AllLaunches.json in Resources */ = {isa = PBXBuildFile; fileRef = F70D708B235AEF5D008A7A93 /* AllLaunches.json */; };
		F70D708E235AF3C7008A7A93 /* BaseService.swift in Sources */ = {isa = PBXBuildFile; fileRef = F70D708D235AF3C7008A7A93 /* BaseService.swift */; };
		F70D7090235AF830008A7A93 /* MockBaseService.swift in Sources */ = {isa = PBXBuildFile; fileRef = F70D708F235AF830008A7A93 /* MockBaseService.swift */; };
		F70D7092235AFE8D008A7A93 /* SpaceXServiceTests.swift in Sources */ = {isa = PBXBuildFile; fileRef = F70D7091235AFE8D008A7A93 /* SpaceXServiceTests.swift */; };
		F70D7096235B1819008A7A93 /* ValidEmptyResponse.json in Resources */ = {isa = PBXBuildFile; fileRef = F70D7095235B1819008A7A93 /* ValidEmptyResponse.json */; };
		F70D7099235B9C07008A7A93 /* Launches.swift in Sources */ = {isa = PBXBuildFile; fileRef = F70D7098235B9C07008A7A93 /* Launches.swift */; };
		F70D709E235BC41C008A7A93 /* LaunchesViewModel.swift in Sources */ = {isa = PBXBuildFile; fileRef = F70D709D235BC41C008A7A93 /* LaunchesViewModel.swift */; };
		F70D70A0235BC7ED008A7A93 /* LaunchesViewModelTests.swift in Sources */ = {isa = PBXBuildFile; fileRef = F70D709F235BC7ED008A7A93 /* LaunchesViewModelTests.swift */; };
		F70D70A3235C0731008A7A93 /* LaunchesViewController.swift in Sources */ = {isa = PBXBuildFile; fileRef = F70D70A2235C0731008A7A93 /* LaunchesViewController.swift */; };
		F70D70A6235C3E5B008A7A93 /* UIView+Utils.swift in Sources */ = {isa = PBXBuildFile; fileRef = F70D70A5235C3E5B008A7A93 /* UIView+Utils.swift */; };
		F70D70A9235C44BF008A7A93 /* LaunchTableViewCell.swift in Sources */ = {isa = PBXBuildFile; fileRef = F70D70A8235C44BF008A7A93 /* LaunchTableViewCell.swift */; };
		F70D70AB235C4550008A7A93 /* CGFLoat+Spacing.swift in Sources */ = {isa = PBXBuildFile; fileRef = F70D70AA235C4550008A7A93 /* CGFLoat+Spacing.swift */; };
		F70D70AD235C4A0B008A7A93 /* LaunchViewModel.swift in Sources */ = {isa = PBXBuildFile; fileRef = F70D70AC235C4A0B008A7A93 /* LaunchViewModel.swift */; };
		F70D70AF235DBCC0008A7A93 /* MissionDetailsViewController.swift in Sources */ = {isa = PBXBuildFile; fileRef = F70D70AE235DBCC0008A7A93 /* MissionDetailsViewController.swift */; };
		F70D70B1235DD913008A7A93 /* MissionDetailsViewModel.swift in Sources */ = {isa = PBXBuildFile; fileRef = F70D70B0235DD913008A7A93 /* MissionDetailsViewModel.swift */; };
		F72BCDFA235DF028001B06F2 /* WebPageViewController.swift in Sources */ = {isa = PBXBuildFile; fileRef = F72BCDF9235DF028001B06F2 /* WebPageViewController.swift */; };
/* End PBXBuildFile section */

/* Begin PBXContainerItemProxy section */
		F70D70682359B3F7008A7A93 /* PBXContainerItemProxy */ = {
			isa = PBXContainerItemProxy;
			containerPortal = F70D70492359B3F6008A7A93 /* Project object */;
			proxyType = 1;
			remoteGlobalIDString = F70D70502359B3F6008A7A93;
			remoteInfo = SpaceX;
		};
/* End PBXContainerItemProxy section */

/* Begin PBXFileReference section */
		0728D4B21FAA847B25970017 /* Pods-SpaceXTests.release.xcconfig */ = {isa = PBXFileReference; includeInIndex = 1; lastKnownFileType = text.xcconfig; name = "Pods-SpaceXTests.release.xcconfig"; path = "Target Support Files/Pods-SpaceXTests/Pods-SpaceXTests.release.xcconfig"; sourceTree = "<group>"; };
		347D3A0676278F098806A626 /* Pods-SpaceX.debug.xcconfig */ = {isa = PBXFileReference; includeInIndex = 1; lastKnownFileType = text.xcconfig; name = "Pods-SpaceX.debug.xcconfig"; path = "Target Support Files/Pods-SpaceX/Pods-SpaceX.debug.xcconfig"; sourceTree = "<group>"; };
		3C57DC96DB4F69A93DC26BEB /* Pods_SpaceXTests.framework */ = {isa = PBXFileReference; explicitFileType = wrapper.framework; includeInIndex = 0; path = Pods_SpaceXTests.framework; sourceTree = BUILT_PRODUCTS_DIR; };
		83555549C06DF5306A2673AC /* Pods-SpaceXTests.debug.xcconfig */ = {isa = PBXFileReference; includeInIndex = 1; lastKnownFileType = text.xcconfig; name = "Pods-SpaceXTests.debug.xcconfig"; path = "Target Support Files/Pods-SpaceXTests/Pods-SpaceXTests.debug.xcconfig"; sourceTree = "<group>"; };
		AD5AB8B0FD4FF627AF76C682 /* Pods-SpaceX.release.xcconfig */ = {isa = PBXFileReference; includeInIndex = 1; lastKnownFileType = text.xcconfig; name = "Pods-SpaceX.release.xcconfig"; path = "Target Support Files/Pods-SpaceX/Pods-SpaceX.release.xcconfig"; sourceTree = "<group>"; };
		E0C01930D9A2EFF51C1C159F /* Pods_SpaceX.framework */ = {isa = PBXFileReference; explicitFileType = wrapper.framework; includeInIndex = 0; path = Pods_SpaceX.framework; sourceTree = BUILT_PRODUCTS_DIR; };
		F70D70512359B3F6008A7A93 /* SpaceX.app */ = {isa = PBXFileReference; explicitFileType = wrapper.application; includeInIndex = 0; path = SpaceX.app; sourceTree = BUILT_PRODUCTS_DIR; };
		F70D70542359B3F6008A7A93 /* AppDelegate.swift */ = {isa = PBXFileReference; lastKnownFileType = sourcecode.swift; path = AppDelegate.swift; sourceTree = "<group>"; };
		F70D70562359B3F6008A7A93 /* SceneDelegate.swift */ = {isa = PBXFileReference; lastKnownFileType = sourcecode.swift; path = SceneDelegate.swift; sourceTree = "<group>"; };
		F70D705D2359B3F7008A7A93 /* Assets.xcassets */ = {isa = PBXFileReference; lastKnownFileType = folder.assetcatalog; path = Assets.xcassets; sourceTree = "<group>"; };
		F70D70602359B3F7008A7A93 /* Base */ = {isa = PBXFileReference; lastKnownFileType = file.storyboard; name = Base; path = Base.lproj/LaunchScreen.storyboard; sourceTree = "<group>"; };
		F70D70622359B3F7008A7A93 /* Info.plist */ = {isa = PBXFileReference; lastKnownFileType = text.plist.xml; path = Info.plist; sourceTree = "<group>"; };
		F70D70672359B3F7008A7A93 /* SpaceXTests.xctest */ = {isa = PBXFileReference; explicitFileType = wrapper.cfbundle; includeInIndex = 0; path = SpaceXTests.xctest; sourceTree = BUILT_PRODUCTS_DIR; };
		F70D706B2359B3F7008A7A93 /* LaunchDetailsDecoderTests.swift */ = {isa = PBXFileReference; lastKnownFileType = sourcecode.swift; path = LaunchDetailsDecoderTests.swift; sourceTree = "<group>"; };
		F70D706D2359B3F7008A7A93 /* Info.plist */ = {isa = PBXFileReference; lastKnownFileType = text.plist.xml; path = Info.plist; sourceTree = "<group>"; };
		F70D70772359BFAA008A7A93 /* FlowCoordinator.swift */ = {isa = PBXFileReference; lastKnownFileType = sourcecode.swift; path = FlowCoordinator.swift; sourceTree = "<group>"; };
		F70D707A2359CFB2008A7A93 /* LaunchDetails.swift */ = {isa = PBXFileReference; lastKnownFileType = sourcecode.swift; path = LaunchDetails.swift; sourceTree = "<group>"; };
		F70D707C2359CFC0008A7A93 /* RocketDetails.swift */ = {isa = PBXFileReference; lastKnownFileType = sourcecode.swift; path = RocketDetails.swift; sourceTree = "<group>"; };
		F70D70822359EB75008A7A93 /* LaunchDetails.json */ = {isa = PBXFileReference; lastKnownFileType = text.json; path = LaunchDetails.json; sourceTree = "<group>"; };
		F70D7084235A9DEB008A7A93 /* RocketDetails.json */ = {isa = PBXFileReference; lastKnownFileType = text.json; path = RocketDetails.json; sourceTree = "<group>"; };
		F70D7086235AA0D1008A7A93 /* RocketDetailsDecoderTests.swift */ = {isa = PBXFileReference; lastKnownFileType = sourcecode.swift; path = RocketDetailsDecoderTests.swift; sourceTree = "<group>"; };
		F70D7089235AAF15008A7A93 /* SpaceXService.swift */ = {isa = PBXFileReference; lastKnownFileType = sourcecode.swift; path = SpaceXService.swift; sourceTree = "<group>"; };
		F70D708B235AEF5D008A7A93 /* AllLaunches.json */ = {isa = PBXFileReference; lastKnownFileType = text.json; path = AllLaunches.json; sourceTree = "<group>"; };
		F70D708D235AF3C7008A7A93 /* BaseService.swift */ = {isa = PBXFileReference; lastKnownFileType = sourcecode.swift; path = BaseService.swift; sourceTree = "<group>"; };
		F70D708F235AF830008A7A93 /* MockBaseService.swift */ = {isa = PBXFileReference; lastKnownFileType = sourcecode.swift; path = MockBaseService.swift; sourceTree = "<group>"; };
		F70D7091235AFE8D008A7A93 /* SpaceXServiceTests.swift */ = {isa = PBXFileReference; lastKnownFileType = sourcecode.swift; path = SpaceXServiceTests.swift; sourceTree = "<group>"; };
		F70D7095235B1819008A7A93 /* ValidEmptyResponse.json */ = {isa = PBXFileReference; lastKnownFileType = text.json; path = ValidEmptyResponse.json; sourceTree = "<group>"; };
		F70D7098235B9C07008A7A93 /* Launches.swift */ = {isa = PBXFileReference; lastKnownFileType = sourcecode.swift; path = Launches.swift; sourceTree = "<group>"; };
		F70D709D235BC41C008A7A93 /* LaunchesViewModel.swift */ = {isa = PBXFileReference; lastKnownFileType = sourcecode.swift; path = LaunchesViewModel.swift; sourceTree = "<group>"; };
		F70D709F235BC7ED008A7A93 /* LaunchesViewModelTests.swift */ = {isa = PBXFileReference; lastKnownFileType = sourcecode.swift; path = LaunchesViewModelTests.swift; sourceTree = "<group>"; };
		F70D70A2235C0731008A7A93 /* LaunchesViewController.swift */ = {isa = PBXFileReference; lastKnownFileType = sourcecode.swift; path = LaunchesViewController.swift; sourceTree = "<group>"; };
		F70D70A5235C3E5B008A7A93 /* UIView+Utils.swift */ = {isa = PBXFileReference; lastKnownFileType = sourcecode.swift; path = "UIView+Utils.swift"; sourceTree = "<group>"; };
		F70D70A8235C44BF008A7A93 /* LaunchTableViewCell.swift */ = {isa = PBXFileReference; lastKnownFileType = sourcecode.swift; path = LaunchTableViewCell.swift; sourceTree = "<group>"; };
		F70D70AA235C4550008A7A93 /* CGFLoat+Spacing.swift */ = {isa = PBXFileReference; lastKnownFileType = sourcecode.swift; path = "CGFLoat+Spacing.swift"; sourceTree = "<group>"; };
		F70D70AC235C4A0B008A7A93 /* LaunchViewModel.swift */ = {isa = PBXFileReference; lastKnownFileType = sourcecode.swift; path = LaunchViewModel.swift; sourceTree = "<group>"; };
		F70D70AE235DBCC0008A7A93 /* MissionDetailsViewController.swift */ = {isa = PBXFileReference; lastKnownFileType = sourcecode.swift; path = MissionDetailsViewController.swift; sourceTree = "<group>"; };
		F70D70B0235DD913008A7A93 /* MissionDetailsViewModel.swift */ = {isa = PBXFileReference; lastKnownFileType = sourcecode.swift; path = MissionDetailsViewModel.swift; sourceTree = "<group>"; };
		F72BCDF9235DF028001B06F2 /* WebPageViewController.swift */ = {isa = PBXFileReference; lastKnownFileType = sourcecode.swift; path = WebPageViewController.swift; sourceTree = "<group>"; };
/* End PBXFileReference section */

/* Begin PBXFrameworksBuildPhase section */
		F70D704E2359B3F6008A7A93 /* Frameworks */ = {
			isa = PBXFrameworksBuildPhase;
			buildActionMask = 2147483647;
			files = (
				B1929F105BD392597B2D6B81 /* Pods_SpaceX.framework in Frameworks */,
			);
			runOnlyForDeploymentPostprocessing = 0;
		};
		F70D70642359B3F7008A7A93 /* Frameworks */ = {
			isa = PBXFrameworksBuildPhase;
			buildActionMask = 2147483647;
			files = (
				88B4F9F7F17367C8BEDC9EF4 /* Pods_SpaceXTests.framework in Frameworks */,
			);
			runOnlyForDeploymentPostprocessing = 0;
		};
/* End PBXFrameworksBuildPhase section */

/* Begin PBXGroup section */
		17401E04568B79FC45482ABA /* Frameworks */ = {
			isa = PBXGroup;
			children = (
				E0C01930D9A2EFF51C1C159F /* Pods_SpaceX.framework */,
				3C57DC96DB4F69A93DC26BEB /* Pods_SpaceXTests.framework */,
			);
			name = Frameworks;
			sourceTree = "<group>";
		};
		6A9FF5785244EB0CF0993B38 /* Pods */ = {
			isa = PBXGroup;
			children = (
				347D3A0676278F098806A626 /* Pods-SpaceX.debug.xcconfig */,
				AD5AB8B0FD4FF627AF76C682 /* Pods-SpaceX.release.xcconfig */,
				83555549C06DF5306A2673AC /* Pods-SpaceXTests.debug.xcconfig */,
				0728D4B21FAA847B25970017 /* Pods-SpaceXTests.release.xcconfig */,
			);
			path = Pods;
			sourceTree = "<group>";
		};
		F70D70482359B3F6008A7A93 = {
			isa = PBXGroup;
			children = (
				F70D70532359B3F6008A7A93 /* SpaceX */,
				F70D706A2359B3F7008A7A93 /* SpaceXTests */,
				F70D70522359B3F6008A7A93 /* Products */,
				6A9FF5785244EB0CF0993B38 /* Pods */,
				17401E04568B79FC45482ABA /* Frameworks */,
			);
			sourceTree = "<group>";
		};
		F70D70522359B3F6008A7A93 /* Products */ = {
			isa = PBXGroup;
			children = (
				F70D70512359B3F6008A7A93 /* SpaceX.app */,
				F70D70672359B3F7008A7A93 /* SpaceXTests.xctest */,
			);
			name = Products;
			sourceTree = "<group>";
		};
		F70D70532359B3F6008A7A93 /* SpaceX */ = {
			isa = PBXGroup;
			children = (
				F70D705D2359B3F7008A7A93 /* Assets.xcassets */,
				F70D705F2359B3F7008A7A93 /* LaunchScreen.storyboard */,
				F70D70622359B3F7008A7A93 /* Info.plist */,
				F70D70A4235C3E45008A7A93 /* Helpers */,
				F70D709A235BC28C008A7A93 /* AppBase */,
				F70D7088235AAECA008A7A93 /* APIService */,
				F70D70792359CF7A008A7A93 /* Models */,
				F70D70A7235C445B008A7A93 /* Views */,
				F70D70A1235C06F3008A7A93 /* ViewControllers */,
				F70D709C235BC3EA008A7A93 /* ViewModels */,
			);
			path = SpaceX;
			sourceTree = "<group>";
		};
		F70D706A2359B3F7008A7A93 /* SpaceXTests */ = {
			isa = PBXGroup;
			children = (
				F70D706D2359B3F7008A7A93 /* Info.plist */,
				F70D7097235B1A1E008A7A93 /* Mocking */,
				F70D706B2359B3F7008A7A93 /* LaunchDetailsDecoderTests.swift */,
				F70D7086235AA0D1008A7A93 /* RocketDetailsDecoderTests.swift */,
				F70D7091235AFE8D008A7A93 /* SpaceXServiceTests.swift */,
				F70D709F235BC7ED008A7A93 /* LaunchesViewModelTests.swift */,
			);
			path = SpaceXTests;
			sourceTree = "<group>";
		};
		F70D70792359CF7A008A7A93 /* Models */ = {
			isa = PBXGroup;
			children = (
				F70D7098235B9C07008A7A93 /* Launches.swift */,
				F70D707A2359CFB2008A7A93 /* LaunchDetails.swift */,
				F70D707C2359CFC0008A7A93 /* RocketDetails.swift */,
			);
			path = Models;
			sourceTree = "<group>";
		};
		F70D70812359EB52008A7A93 /* MockData */ = {
			isa = PBXGroup;
			children = (
				F70D70822359EB75008A7A93 /* LaunchDetails.json */,
				F70D7084235A9DEB008A7A93 /* RocketDetails.json */,
				F70D708B235AEF5D008A7A93 /* AllLaunches.json */,
				F70D7095235B1819008A7A93 /* ValidEmptyResponse.json */,
			);
			path = MockData;
			sourceTree = "<group>";
		};
		F70D7088235AAECA008A7A93 /* APIService */ = {
			isa = PBXGroup;
			children = (
				F70D708D235AF3C7008A7A93 /* BaseService.swift */,
				F70D7089235AAF15008A7A93 /* SpaceXService.swift */,
			);
			path = APIService;
			sourceTree = "<group>";
		};
		F70D7097235B1A1E008A7A93 /* Mocking */ = {
			isa = PBXGroup;
			children = (
				F70D708F235AF830008A7A93 /* MockBaseService.swift */,
				F70D70812359EB52008A7A93 /* MockData */,
			);
			path = Mocking;
			sourceTree = "<group>";
		};
		F70D709A235BC28C008A7A93 /* AppBase */ = {
			isa = PBXGroup;
			children = (
				F70D70542359B3F6008A7A93 /* AppDelegate.swift */,
				F70D70562359B3F6008A7A93 /* SceneDelegate.swift */,
				F70D70772359BFAA008A7A93 /* FlowCoordinator.swift */,
			);
			path = AppBase;
			sourceTree = "<group>";
		};
		F70D709C235BC3EA008A7A93 /* ViewModels */ = {
			isa = PBXGroup;
			children = (
				F70D709D235BC41C008A7A93 /* LaunchesViewModel.swift */,
				F70D70AC235C4A0B008A7A93 /* LaunchViewModel.swift */,
				F70D70B0235DD913008A7A93 /* MissionDetailsViewModel.swift */,
			);
			path = ViewModels;
			sourceTree = "<group>";
		};
		F70D70A1235C06F3008A7A93 /* ViewControllers */ = {
			isa = PBXGroup;
			children = (
				F70D70A2235C0731008A7A93 /* LaunchesViewController.swift */,
				F70D70AE235DBCC0008A7A93 /* MissionDetailsViewController.swift */,
				F72BCDF9235DF028001B06F2 /* WebPageViewController.swift */,
			);
			path = ViewControllers;
			sourceTree = "<group>";
		};
		F70D70A4235C3E45008A7A93 /* Helpers */ = {
			isa = PBXGroup;
			children = (
				F70D70A5235C3E5B008A7A93 /* UIView+Utils.swift */,
				F70D70AA235C4550008A7A93 /* CGFLoat+Spacing.swift */,
			);
			path = Helpers;
			sourceTree = "<group>";
		};
		F70D70A7235C445B008A7A93 /* Views */ = {
			isa = PBXGroup;
			children = (
				F70D70A8235C44BF008A7A93 /* LaunchTableViewCell.swift */,
			);
			path = Views;
			sourceTree = "<group>";
		};
/* End PBXGroup section */

/* Begin PBXNativeTarget section */
		F70D70502359B3F6008A7A93 /* SpaceX */ = {
			isa = PBXNativeTarget;
			buildConfigurationList = F70D70702359B3F7008A7A93 /* Build configuration list for PBXNativeTarget "SpaceX" */;
			buildPhases = (
				5C763FFF8A8B678646D31748 /* [CP] Check Pods Manifest.lock */,
				F70D704D2359B3F6008A7A93 /* Sources */,
				F70D704E2359B3F6008A7A93 /* Frameworks */,
				F70D704F2359B3F6008A7A93 /* Resources */,
				68365B0920A100810522716C /* [CP] Embed Pods Frameworks */,
			);
			buildRules = (
			);
			dependencies = (
			);
			name = SpaceX;
			productName = SpaceX;
			productReference = F70D70512359B3F6008A7A93 /* SpaceX.app */;
			productType = "com.apple.product-type.application";
		};
		F70D70662359B3F7008A7A93 /* SpaceXTests */ = {
			isa = PBXNativeTarget;
			buildConfigurationList = F70D70732359B3F7008A7A93 /* Build configuration list for PBXNativeTarget "SpaceXTests" */;
			buildPhases = (
				6A0FB747627D0C1557126C67 /* [CP] Check Pods Manifest.lock */,
				F70D70632359B3F7008A7A93 /* Sources */,
				F70D70642359B3F7008A7A93 /* Frameworks */,
				F70D70652359B3F7008A7A93 /* Resources */,
				A1D3BA8106A79A8333094E2B /* [CP] Embed Pods Frameworks */,
			);
			buildRules = (
			);
			dependencies = (
				F70D70692359B3F7008A7A93 /* PBXTargetDependency */,
			);
			name = SpaceXTests;
			productName = SpaceXTests;
			productReference = F70D70672359B3F7008A7A93 /* SpaceXTests.xctest */;
			productType = "com.apple.product-type.bundle.unit-test";
		};
/* End PBXNativeTarget section */

/* Begin PBXProject section */
		F70D70492359B3F6008A7A93 /* Project object */ = {
			isa = PBXProject;
			attributes = {
				LastSwiftUpdateCheck = 1110;
				LastUpgradeCheck = 1110;
				ORGANIZATIONNAME = "Bruno Guedes";
				TargetAttributes = {
					F70D70502359B3F6008A7A93 = {
						CreatedOnToolsVersion = 11.1;
					};
					F70D70662359B3F7008A7A93 = {
						CreatedOnToolsVersion = 11.1;
						TestTargetID = F70D70502359B3F6008A7A93;
					};
				};
			};
			buildConfigurationList = F70D704C2359B3F6008A7A93 /* Build configuration list for PBXProject "SpaceX" */;
			compatibilityVersion = "Xcode 9.3";
			developmentRegion = en;
			hasScannedForEncodings = 0;
			knownRegions = (
				en,
				Base,
			);
			mainGroup = F70D70482359B3F6008A7A93;
			productRefGroup = F70D70522359B3F6008A7A93 /* Products */;
			projectDirPath = "";
			projectRoot = "";
			targets = (
				F70D70502359B3F6008A7A93 /* SpaceX */,
				F70D70662359B3F7008A7A93 /* SpaceXTests */,
			);
		};
/* End PBXProject section */

/* Begin PBXResourcesBuildPhase section */
		F70D704F2359B3F6008A7A93 /* Resources */ = {
			isa = PBXResourcesBuildPhase;
			buildActionMask = 2147483647;
			files = (
				F70D70612359B3F7008A7A93 /* LaunchScreen.storyboard in Resources */,
				F70D705E2359B3F7008A7A93 /* Assets.xcassets in Resources */,
			);
			runOnlyForDeploymentPostprocessing = 0;
		};
		F70D70652359B3F7008A7A93 /* Resources */ = {
			isa = PBXResourcesBuildPhase;
			buildActionMask = 2147483647;
			files = (
				F70D708C235AEF5D008A7A93 /* AllLaunches.json in Resources */,
				F70D7085235A9DEB008A7A93 /* RocketDetails.json in Resources */,
				F70D70832359EB75008A7A93 /* LaunchDetails.json in Resources */,
				F70D7096235B1819008A7A93 /* ValidEmptyResponse.json in Resources */,
			);
			runOnlyForDeploymentPostprocessing = 0;
		};
/* End PBXResourcesBuildPhase section */

/* Begin PBXShellScriptBuildPhase section */
		5C763FFF8A8B678646D31748 /* [CP] Check Pods Manifest.lock */ = {
			isa = PBXShellScriptBuildPhase;
			buildActionMask = 2147483647;
			files = (
			);
			inputFileListPaths = (
			);
			inputPaths = (
				"${PODS_PODFILE_DIR_PATH}/Podfile.lock",
				"${PODS_ROOT}/Manifest.lock",
			);
			name = "[CP] Check Pods Manifest.lock";
			outputFileListPaths = (
			);
			outputPaths = (
				"$(DERIVED_FILE_DIR)/Pods-SpaceX-checkManifestLockResult.txt",
			);
			runOnlyForDeploymentPostprocessing = 0;
			shellPath = /bin/sh;
			shellScript = "diff \"${PODS_PODFILE_DIR_PATH}/Podfile.lock\" \"${PODS_ROOT}/Manifest.lock\" > /dev/null\nif [ $? != 0 ] ; then\n    # print error to STDERR\n    echo \"error: The sandbox is not in sync with the Podfile.lock. Run 'pod install' or update your CocoaPods installation.\" >&2\n    exit 1\nfi\n# This output is used by Xcode 'outputs' to avoid re-running this script phase.\necho \"SUCCESS\" > \"${SCRIPT_OUTPUT_FILE_0}\"\n";
			showEnvVarsInLog = 0;
		};
		68365B0920A100810522716C /* [CP] Embed Pods Frameworks */ = {
			isa = PBXShellScriptBuildPhase;
			buildActionMask = 2147483647;
			files = (
			);
			inputFileListPaths = (
				"${PODS_ROOT}/Target Support Files/Pods-SpaceX/Pods-SpaceX-frameworks-${CONFIGURATION}-input-files.xcfilelist",
			);
			name = "[CP] Embed Pods Frameworks";
			outputFileListPaths = (
				"${PODS_ROOT}/Target Support Files/Pods-SpaceX/Pods-SpaceX-frameworks-${CONFIGURATION}-output-files.xcfilelist",
			);
			runOnlyForDeploymentPostprocessing = 0;
			shellPath = /bin/sh;
			shellScript = "\"${PODS_ROOT}/Target Support Files/Pods-SpaceX/Pods-SpaceX-frameworks.sh\"\n";
			showEnvVarsInLog = 0;
		};
		6A0FB747627D0C1557126C67 /* [CP] Check Pods Manifest.lock */ = {
			isa = PBXShellScriptBuildPhase;
			buildActionMask = 2147483647;
			files = (
			);
			inputFileListPaths = (
			);
			inputPaths = (
				"${PODS_PODFILE_DIR_PATH}/Podfile.lock",
				"${PODS_ROOT}/Manifest.lock",
			);
			name = "[CP] Check Pods Manifest.lock";
			outputFileListPaths = (
			);
			outputPaths = (
				"$(DERIVED_FILE_DIR)/Pods-SpaceXTests-checkManifestLockResult.txt",
			);
			runOnlyForDeploymentPostprocessing = 0;
			shellPath = /bin/sh;
			shellScript = "diff \"${PODS_PODFILE_DIR_PATH}/Podfile.lock\" \"${PODS_ROOT}/Manifest.lock\" > /dev/null\nif [ $? != 0 ] ; then\n    # print error to STDERR\n    echo \"error: The sandbox is not in sync with the Podfile.lock. Run 'pod install' or update your CocoaPods installation.\" >&2\n    exit 1\nfi\n# This output is used by Xcode 'outputs' to avoid re-running this script phase.\necho \"SUCCESS\" > \"${SCRIPT_OUTPUT_FILE_0}\"\n";
			showEnvVarsInLog = 0;
		};
		A1D3BA8106A79A8333094E2B /* [CP] Embed Pods Frameworks */ = {
			isa = PBXShellScriptBuildPhase;
			buildActionMask = 2147483647;
			files = (
			);
			inputFileListPaths = (
				"${PODS_ROOT}/Target Support Files/Pods-SpaceXTests/Pods-SpaceXTests-frameworks-${CONFIGURATION}-input-files.xcfilelist",
			);
			name = "[CP] Embed Pods Frameworks";
			outputFileListPaths = (
				"${PODS_ROOT}/Target Support Files/Pods-SpaceXTests/Pods-SpaceXTests-frameworks-${CONFIGURATION}-output-files.xcfilelist",
			);
			runOnlyForDeploymentPostprocessing = 0;
			shellPath = /bin/sh;
			shellScript = "\"${PODS_ROOT}/Target Support Files/Pods-SpaceXTests/Pods-SpaceXTests-frameworks.sh\"\n";
			showEnvVarsInLog = 0;
		};
/* End PBXShellScriptBuildPhase section */

/* Begin PBXSourcesBuildPhase section */
		F70D704D2359B3F6008A7A93 /* Sources */ = {
			isa = PBXSourcesBuildPhase;
			buildActionMask = 2147483647;
			files = (
				F70D70552359B3F6008A7A93 /* AppDelegate.swift in Sources */,
				F70D70AB235C4550008A7A93 /* CGFLoat+Spacing.swift in Sources */,
				F70D708A235AAF15008A7A93 /* SpaceXService.swift in Sources */,
				F70D707D2359CFC0008A7A93 /* RocketDetails.swift in Sources */,
				F70D709E235BC41C008A7A93 /* LaunchesViewModel.swift in Sources */,
				F70D70572359B3F6008A7A93 /* SceneDelegate.swift in Sources */,
				F70D7099235B9C07008A7A93 /* Launches.swift in Sources */,
				F70D708E235AF3C7008A7A93 /* BaseService.swift in Sources */,
				F70D70A3235C0731008A7A93 /* LaunchesViewController.swift in Sources */,
				F72BCDFA235DF028001B06F2 /* WebPageViewController.swift in Sources */,
				F70D70AD235C4A0B008A7A93 /* LaunchViewModel.swift in Sources */,
				F70D70782359BFAA008A7A93 /* FlowCoordinator.swift in Sources */,
				F70D707B2359CFB2008A7A93 /* LaunchDetails.swift in Sources */,
				F70D70A9235C44BF008A7A93 /* LaunchTableViewCell.swift in Sources */,
				F70D70AF235DBCC0008A7A93 /* MissionDetailsViewController.swift in Sources */,
				F70D70A6235C3E5B008A7A93 /* UIView+Utils.swift in Sources */,
				F70D70B1235DD913008A7A93 /* MissionDetailsViewModel.swift in Sources */,
			);
			runOnlyForDeploymentPostprocessing = 0;
		};
		F70D70632359B3F7008A7A93 /* Sources */ = {
			isa = PBXSourcesBuildPhase;
			buildActionMask = 2147483647;
			files = (
				F70D706C2359B3F7008A7A93 /* LaunchDetailsDecoderTests.swift in Sources */,
				F70D7090235AF830008A7A93 /* MockBaseService.swift in Sources */,
				F70D70A0235BC7ED008A7A93 /* LaunchesViewModelTests.swift in Sources */,
				F70D7087235AA0D1008A7A93 /* RocketDetailsDecoderTests.swift in Sources */,
				F70D7092235AFE8D008A7A93 /* SpaceXServiceTests.swift in Sources */,
			);
			runOnlyForDeploymentPostprocessing = 0;
		};
/* End PBXSourcesBuildPhase section */

/* Begin PBXTargetDependency section */
		F70D70692359B3F7008A7A93 /* PBXTargetDependency */ = {
			isa = PBXTargetDependency;
			target = F70D70502359B3F6008A7A93 /* SpaceX */;
			targetProxy = F70D70682359B3F7008A7A93 /* PBXContainerItemProxy */;
		};
/* End PBXTargetDependency section */

/* Begin PBXVariantGroup section */
		F70D705F2359B3F7008A7A93 /* LaunchScreen.storyboard */ = {
			isa = PBXVariantGroup;
			children = (
				F70D70602359B3F7008A7A93 /* Base */,
			);
			name = LaunchScreen.storyboard;
			sourceTree = "<group>";
		};
/* End PBXVariantGroup section */

/* Begin XCBuildConfiguration section */
		F70D706E2359B3F7008A7A93 /* Debug */ = {
			isa = XCBuildConfiguration;
			buildSettings = {
				ALWAYS_SEARCH_USER_PATHS = NO;
				CLANG_ANALYZER_NONNULL = YES;
				CLANG_ANALYZER_NUMBER_OBJECT_CONVERSION = YES_AGGRESSIVE;
				CLANG_CXX_LANGUAGE_STANDARD = "gnu++14";
				CLANG_CXX_LIBRARY = "libc++";
				CLANG_ENABLE_MODULES = YES;
				CLANG_ENABLE_OBJC_ARC = YES;
				CLANG_ENABLE_OBJC_WEAK = YES;
				CLANG_WARN_BLOCK_CAPTURE_AUTORELEASING = YES;
				CLANG_WARN_BOOL_CONVERSION = YES;
				CLANG_WARN_COMMA = YES;
				CLANG_WARN_CONSTANT_CONVERSION = YES;
				CLANG_WARN_DEPRECATED_OBJC_IMPLEMENTATIONS = YES;
				CLANG_WARN_DIRECT_OBJC_ISA_USAGE = YES_ERROR;
				CLANG_WARN_DOCUMENTATION_COMMENTS = YES;
				CLANG_WARN_EMPTY_BODY = YES;
				CLANG_WARN_ENUM_CONVERSION = YES;
				CLANG_WARN_INFINITE_RECURSION = YES;
				CLANG_WARN_INT_CONVERSION = YES;
				CLANG_WARN_NON_LITERAL_NULL_CONVERSION = YES;
				CLANG_WARN_OBJC_IMPLICIT_RETAIN_SELF = YES;
				CLANG_WARN_OBJC_LITERAL_CONVERSION = YES;
				CLANG_WARN_OBJC_ROOT_CLASS = YES_ERROR;
				CLANG_WARN_RANGE_LOOP_ANALYSIS = YES;
				CLANG_WARN_STRICT_PROTOTYPES = YES;
				CLANG_WARN_SUSPICIOUS_MOVE = YES;
				CLANG_WARN_UNGUARDED_AVAILABILITY = YES_AGGRESSIVE;
				CLANG_WARN_UNREACHABLE_CODE = YES;
				CLANG_WARN__DUPLICATE_METHOD_MATCH = YES;
				COPY_PHASE_STRIP = NO;
				DEBUG_INFORMATION_FORMAT = dwarf;
				ENABLE_STRICT_OBJC_MSGSEND = YES;
				ENABLE_TESTABILITY = YES;
				GCC_C_LANGUAGE_STANDARD = gnu11;
				GCC_DYNAMIC_NO_PIC = NO;
				GCC_NO_COMMON_BLOCKS = YES;
				GCC_OPTIMIZATION_LEVEL = 0;
				GCC_PREPROCESSOR_DEFINITIONS = (
					"DEBUG=1",
					"$(inherited)",
				);
				GCC_WARN_64_TO_32_BIT_CONVERSION = YES;
				GCC_WARN_ABOUT_RETURN_TYPE = YES_ERROR;
				GCC_WARN_UNDECLARED_SELECTOR = YES;
				GCC_WARN_UNINITIALIZED_AUTOS = YES_AGGRESSIVE;
				GCC_WARN_UNUSED_FUNCTION = YES;
				GCC_WARN_UNUSED_VARIABLE = YES;
				IPHONEOS_DEPLOYMENT_TARGET = 13.1;
				MTL_ENABLE_DEBUG_INFO = INCLUDE_SOURCE;
				MTL_FAST_MATH = YES;
				ONLY_ACTIVE_ARCH = YES;
				SDKROOT = iphoneos;
				SWIFT_ACTIVE_COMPILATION_CONDITIONS = DEBUG;
				SWIFT_OPTIMIZATION_LEVEL = "-Onone";
			};
			name = Debug;
		};
		F70D706F2359B3F7008A7A93 /* Release */ = {
			isa = XCBuildConfiguration;
			buildSettings = {
				ALWAYS_SEARCH_USER_PATHS = NO;
				CLANG_ANALYZER_NONNULL = YES;
				CLANG_ANALYZER_NUMBER_OBJECT_CONVERSION = YES_AGGRESSIVE;
				CLANG_CXX_LANGUAGE_STANDARD = "gnu++14";
				CLANG_CXX_LIBRARY = "libc++";
				CLANG_ENABLE_MODULES = YES;
				CLANG_ENABLE_OBJC_ARC = YES;
				CLANG_ENABLE_OBJC_WEAK = YES;
				CLANG_WARN_BLOCK_CAPTURE_AUTORELEASING = YES;
				CLANG_WARN_BOOL_CONVERSION = YES;
				CLANG_WARN_COMMA = YES;
				CLANG_WARN_CONSTANT_CONVERSION = YES;
				CLANG_WARN_DEPRECATED_OBJC_IMPLEMENTATIONS = YES;
				CLANG_WARN_DIRECT_OBJC_ISA_USAGE = YES_ERROR;
				CLANG_WARN_DOCUMENTATION_COMMENTS = YES;
				CLANG_WARN_EMPTY_BODY = YES;
				CLANG_WARN_ENUM_CONVERSION = YES;
				CLANG_WARN_INFINITE_RECURSION = YES;
				CLANG_WARN_INT_CONVERSION = YES;
				CLANG_WARN_NON_LITERAL_NULL_CONVERSION = YES;
				CLANG_WARN_OBJC_IMPLICIT_RETAIN_SELF = YES;
				CLANG_WARN_OBJC_LITERAL_CONVERSION = YES;
				CLANG_WARN_OBJC_ROOT_CLASS = YES_ERROR;
				CLANG_WARN_RANGE_LOOP_ANALYSIS = YES;
				CLANG_WARN_STRICT_PROTOTYPES = YES;
				CLANG_WARN_SUSPICIOUS_MOVE = YES;
				CLANG_WARN_UNGUARDED_AVAILABILITY = YES_AGGRESSIVE;
				CLANG_WARN_UNREACHABLE_CODE = YES;
				CLANG_WARN__DUPLICATE_METHOD_MATCH = YES;
				COPY_PHASE_STRIP = NO;
				DEBUG_INFORMATION_FORMAT = "dwarf-with-dsym";
				ENABLE_NS_ASSERTIONS = NO;
				ENABLE_STRICT_OBJC_MSGSEND = YES;
				GCC_C_LANGUAGE_STANDARD = gnu11;
				GCC_NO_COMMON_BLOCKS = YES;
				GCC_WARN_64_TO_32_BIT_CONVERSION = YES;
				GCC_WARN_ABOUT_RETURN_TYPE = YES_ERROR;
				GCC_WARN_UNDECLARED_SELECTOR = YES;
				GCC_WARN_UNINITIALIZED_AUTOS = YES_AGGRESSIVE;
				GCC_WARN_UNUSED_FUNCTION = YES;
				GCC_WARN_UNUSED_VARIABLE = YES;
				IPHONEOS_DEPLOYMENT_TARGET = 13.1;
				MTL_ENABLE_DEBUG_INFO = NO;
				MTL_FAST_MATH = YES;
				SDKROOT = iphoneos;
				SWIFT_COMPILATION_MODE = wholemodule;
				SWIFT_OPTIMIZATION_LEVEL = "-O";
				VALIDATE_PRODUCT = YES;
			};
			name = Release;
		};
		F70D70712359B3F7008A7A93 /* Debug */ = {
			isa = XCBuildConfiguration;
			baseConfigurationReference = 347D3A0676278F098806A626 /* Pods-SpaceX.debug.xcconfig */;
			buildSettings = {
				ASSETCATALOG_COMPILER_APPICON_NAME = AppIcon;
				CODE_SIGN_STYLE = Automatic;
				DEVELOPMENT_TEAM = XKV3A3SLX9;
				INFOPLIST_FILE = SpaceX/Info.plist;
				LD_RUNPATH_SEARCH_PATHS = (
					"$(inherited)",
					"@executable_path/Frameworks",
				);
				PRODUCT_BUNDLE_IDENTIFIER = au.com.brunoguedes.SpaceX;
				PRODUCT_NAME = "$(TARGET_NAME)";
				SWIFT_VERSION = 5.0;
				TARGETED_DEVICE_FAMILY = "1,2";
			};
			name = Debug;
		};
		F70D70722359B3F7008A7A93 /* Release */ = {
			isa = XCBuildConfiguration;
			baseConfigurationReference = AD5AB8B0FD4FF627AF76C682 /* Pods-SpaceX.release.xcconfig */;
			buildSettings = {
				ASSETCATALOG_COMPILER_APPICON_NAME = AppIcon;
				CODE_SIGN_STYLE = Automatic;
				DEVELOPMENT_TEAM = XKV3A3SLX9;
				INFOPLIST_FILE = SpaceX/Info.plist;
				LD_RUNPATH_SEARCH_PATHS = (
					"$(inherited)",
					"@executable_path/Frameworks",
				);
				PRODUCT_BUNDLE_IDENTIFIER = au.com.brunoguedes.SpaceX;
				PRODUCT_NAME = "$(TARGET_NAME)";
				SWIFT_VERSION = 5.0;
				TARGETED_DEVICE_FAMILY = "1,2";
			};
			name = Release;
		};
		F70D70742359B3F7008A7A93 /* Debug */ = {
			isa = XCBuildConfiguration;
			baseConfigurationReference = 83555549C06DF5306A2673AC /* Pods-SpaceXTests.debug.xcconfig */;
			buildSettings = {
				ALWAYS_EMBED_SWIFT_STANDARD_LIBRARIES = YES;
				BUNDLE_LOADER = "$(TEST_HOST)";
				CODE_SIGN_STYLE = Automatic;
				DEVELOPMENT_TEAM = XKV3A3SLX9;
				INFOPLIST_FILE = SpaceXTests/Info.plist;
				IPHONEOS_DEPLOYMENT_TARGET = 13.1;
				LD_RUNPATH_SEARCH_PATHS = (
					"$(inherited)",
					"@executable_path/Frameworks",
					"@loader_path/Frameworks",
				);
				PRODUCT_BUNDLE_IDENTIFIER = au.com.brunoguedes.SpaceXTests;
				PRODUCT_NAME = "$(TARGET_NAME)";
				SWIFT_VERSION = 5.0;
				TARGETED_DEVICE_FAMILY = "1,2";
				TEST_HOST = "$(BUILT_PRODUCTS_DIR)/SpaceX.app/SpaceX";
			};
			name = Debug;
		};
		F70D70752359B3F7008A7A93 /* Release */ = {
			isa = XCBuildConfiguration;
			baseConfigurationReference = 0728D4B21FAA847B25970017 /* Pods-SpaceXTests.release.xcconfig */;
			buildSettings = {
				ALWAYS_EMBED_SWIFT_STANDARD_LIBRARIES = YES;
				BUNDLE_LOADER = "$(TEST_HOST)";
				CODE_SIGN_STYLE = Automatic;
				DEVELOPMENT_TEAM = XKV3A3SLX9;
				INFOPLIST_FILE = SpaceXTests/Info.plist;
				IPHONEOS_DEPLOYMENT_TARGET = 13.1;
				LD_RUNPATH_SEARCH_PATHS = (
					"$(inherited)",
					"@executable_path/Frameworks",
					"@loader_path/Frameworks",
				);
				PRODUCT_BUNDLE_IDENTIFIER = au.com.brunoguedes.SpaceXTests;
				PRODUCT_NAME = "$(TARGET_NAME)";
				SWIFT_VERSION = 5.0;
				TARGETED_DEVICE_FAMILY = "1,2";
				TEST_HOST = "$(BUILT_PRODUCTS_DIR)/SpaceX.app/SpaceX";
			};
			name = Release;
		};
/* End XCBuildConfiguration section */

/* Begin XCConfigurationList section */
		F70D704C2359B3F6008A7A93 /* Build configuration list for PBXProject "SpaceX" */ = {
			isa = XCConfigurationList;
			buildConfigurations = (
				F70D706E2359B3F7008A7A93 /* Debug */,
				F70D706F2359B3F7008A7A93 /* Release */,
			);
			defaultConfigurationIsVisible = 0;
			defaultConfigurationName = Release;
		};
		F70D70702359B3F7008A7A93 /* Build configuration list for PBXNativeTarget "SpaceX" */ = {
			isa = XCConfigurationList;
			buildConfigurations = (
				F70D70712359B3F7008A7A93 /* Debug */,
				F70D70722359B3F7008A7A93 /* Release */,
			);
			defaultConfigurationIsVisible = 0;
			defaultConfigurationName = Release;
		};
		F70D70732359B3F7008A7A93 /* Build configuration list for PBXNativeTarget "SpaceXTests" */ = {
			isa = XCConfigurationList;
			buildConfigurations = (
				F70D70742359B3F7008A7A93 /* Debug */,
				F70D70752359B3F7008A7A93 /* Release */,
			);
			defaultConfigurationIsVisible = 0;
			defaultConfigurationName = Release;
		};
/* End XCConfigurationList section */
	};
	rootObject = F70D70492359B3F6008A7A93 /* Project object */;
}
